
Microsoft Visual Studio Solution File, Format Version 12.00
# Visual Studio Version 16
VisualStudioVersion = 16.0.31702.278
MinimumVisualStudioVersion = 10.0.40219.1
Project("{FAE04EC0-301F-11D3-BF4B-00C04F79EFBC}") = "chooseAdventure", "chooseAdventure\chooseAdventure.csproj", "{A140395C-6EF1-44EC-95A7-B9CD3CFAD8B8}"
EndProject
Global
	GlobalSection(SolutionConfigurationPlatforms) = preSolution
		Debug|Any CPU = Debug|Any CPU
		Release|Any CPU = Release|Any CPU
	EndGlobalSection
	GlobalSection(ProjectConfigurationPlatforms) = postSolution
		{A140395C-6EF1-44EC-95A7-B9CD3CFAD8B8}.Debug|Any CPU.ActiveCfg = Debug|Any CPU
		{A140395C-6EF1-44EC-95A7-B9CD3CFAD8B8}.Debug|Any CPU.Build.0 = Debug|Any CPU
		{A140395C-6EF1-44EC-95A7-B9CD3CFAD8B8}.Release|Any CPU.ActiveCfg = Release|Any CPU
		{A140395C-6EF1-44EC-95A7-B9CD3CFAD8B8}.Release|Any CPU.Build.0 = Release|Any CPU
	EndGlobalSection
	GlobalSection(SolutionProperties) = preSolution
		HideSolutionNode = FALSE
	EndGlobalSection
	GlobalSection(ExtensibilityGlobals) = postSolution
		SolutionGuid = {E3837387-C547-4711-8F7A-C1CCF23C0CD0}
	EndGlobalSection
EndGlobal
